
Microsoft Visual Studio Solution File, Format Version 12.00
# Visual Studio Version 17
VisualStudioVersion = 17.1.32328.378
MinimumVisualStudioVersion = 10.0.40219.1
Project("{FAE04EC0-301F-11D3-BF4B-00C04F79EFBC}") = "MantenimientoProductos", "MantenimientoProductos\MantenimientoProductos.csproj", "{2F5564E9-BC92-4E34-B8BA-E6C2C82FB20B}"
EndProject
Global
	GlobalSection(SolutionConfigurationPlatforms) = preSolution
		Debug|Any CPU = Debug|Any CPU
		Release|Any CPU = Release|Any CPU
	EndGlobalSection
	GlobalSection(ProjectConfigurationPlatforms) = postSolution
		{2F5564E9-BC92-4E34-B8BA-E6C2C82FB20B}.Debug|Any CPU.ActiveCfg = Debug|Any CPU
		{2F5564E9-BC92-4E34-B8BA-E6C2C82FB20B}.Debug|Any CPU.Build.0 = Debug|Any CPU
		{2F5564E9-BC92-4E34-B8BA-E6C2C82FB20B}.Release|Any CPU.ActiveCfg = Release|Any CPU
		{2F5564E9-BC92-4E34-B8BA-E6C2C82FB20B}.Release|Any CPU.Build.0 = Release|Any CPU
	EndGlobalSection
	GlobalSection(SolutionProperties) = preSolution
		HideSolutionNode = FALSE
	EndGlobalSection
	GlobalSection(ExtensibilityGlobals) = postSolution
		SolutionGuid = {6C3270D8-ADCF-4A0B-93B7-5DAC56B9AB7B}
	EndGlobalSection
EndGlobal
